
Microsoft Visual Studio Solution File, Format Version 12.00
# Visual Studio Version 17
VisualStudioVersion = 17.0.32002.185
MinimumVisualStudioVersion = 10.0.40219.1
Project("{9A19103F-16F7-4668-BE54-9A1E7A4F7556}") = "libPartclone", "libPartclone\libPartclone.csproj", "{DD98A6E7-126A-4C94-9F9F-2878108A0D55}"
EndProject
Project("{9A19103F-16F7-4668-BE54-9A1E7A4F7556}") = "clonezilla-util", "clonezilla-util\clonezilla-util.csproj", "{CC61FBF1-5E57-4E7A-B526-388ADEBFAA20}"
EndProject
Project("{9A19103F-16F7-4668-BE54-9A1E7A4F7556}") = "libClonezilla", "libClonezilla\libClonezilla.csproj", "{2C53732F-C71B-4AD7-9AE8-8337C8C0012F}"
EndProject
Project("{9A19103F-16F7-4668-BE54-9A1E7A4F7556}") = "libCommon", "libCommon\libCommon.csproj", "{14B97386-07E9-42B4-A0B8-9459E0D29B85}"
EndProject
Project("{9A19103F-16F7-4668-BE54-9A1E7A4F7556}") = "libGZip", "libGZip\libGZip.csproj", "{A893993E-39BB-4137-AE63-FC88F4357AE7}"
EndProject
Project("{2150E333-8FDC-42A3-9474-1A3956D46DE8}") = "Solution Items", "Solution Items", "{9464A562-2170-4ADF-88B5-85F93945447D}"
	ProjectSection(SolutionItems) = preProject
		.editorconfig = .editorconfig
	EndProjectSection
EndProject
Project("{9A19103F-16F7-4668-BE54-9A1E7A4F7556}") = "lib7Zip", "lib7Zip\lib7Zip.csproj", "{50CAC864-978A-44EF-BA23-06705E2FCA28}"
EndProject
Project("{9A19103F-16F7-4668-BE54-9A1E7A4F7556}") = "libDokan", "libDokan\libDokan.csproj", "{66566C48-8B34-4F83-B571-54A1A9B306C0}"
EndProject
Global
	GlobalSection(SolutionConfigurationPlatforms) = preSolution
		Debug|Any CPU = Debug|Any CPU
		Release|Any CPU = Release|Any CPU
	EndGlobalSection
	GlobalSection(ProjectConfigurationPlatforms) = postSolution
		{DD98A6E7-126A-4C94-9F9F-2878108A0D55}.Debug|Any CPU.ActiveCfg = Debug|Any CPU
		{DD98A6E7-126A-4C94-9F9F-2878108A0D55}.Debug|Any CPU.Build.0 = Debug|Any CPU
		{DD98A6E7-126A-4C94-9F9F-2878108A0D55}.Release|Any CPU.ActiveCfg = Release|Any CPU
		{DD98A6E7-126A-4C94-9F9F-2878108A0D55}.Release|Any CPU.Build.0 = Release|Any CPU
		{CC61FBF1-5E57-4E7A-B526-388ADEBFAA20}.Debug|Any CPU.ActiveCfg = Debug|Any CPU
		{CC61FBF1-5E57-4E7A-B526-388ADEBFAA20}.Debug|Any CPU.Build.0 = Debug|Any CPU
		{CC61FBF1-5E57-4E7A-B526-388ADEBFAA20}.Release|Any CPU.ActiveCfg = Release|Any CPU
		{CC61FBF1-5E57-4E7A-B526-388ADEBFAA20}.Release|Any CPU.Build.0 = Release|Any CPU
		{2C53732F-C71B-4AD7-9AE8-8337C8C0012F}.Debug|Any CPU.ActiveCfg = Debug|Any CPU
		{2C53732F-C71B-4AD7-9AE8-8337C8C0012F}.Debug|Any CPU.Build.0 = Debug|Any CPU
		{2C53732F-C71B-4AD7-9AE8-8337C8C0012F}.Release|Any CPU.ActiveCfg = Release|Any CPU
		{2C53732F-C71B-4AD7-9AE8-8337C8C0012F}.Release|Any CPU.Build.0 = Release|Any CPU
		{14B97386-07E9-42B4-A0B8-9459E0D29B85}.Debug|Any CPU.ActiveCfg = Debug|Any CPU
		{14B97386-07E9-42B4-A0B8-9459E0D29B85}.Debug|Any CPU.Build.0 = Debug|Any CPU
		{14B97386-07E9-42B4-A0B8-9459E0D29B85}.Release|Any CPU.ActiveCfg = Release|Any CPU
		{14B97386-07E9-42B4-A0B8-9459E0D29B85}.Release|Any CPU.Build.0 = Release|Any CPU
		{A893993E-39BB-4137-AE63-FC88F4357AE7}.Debug|Any CPU.ActiveCfg = Debug|Any CPU
		{A893993E-39BB-4137-AE63-FC88F4357AE7}.Debug|Any CPU.Build.0 = Debug|Any CPU
		{A893993E-39BB-4137-AE63-FC88F4357AE7}.Release|Any CPU.ActiveCfg = Release|Any CPU
		{A893993E-39BB-4137-AE63-FC88F4357AE7}.Release|Any CPU.Build.0 = Release|Any CPU
		{50CAC864-978A-44EF-BA23-06705E2FCA28}.Debug|Any CPU.ActiveCfg = Debug|Any CPU
		{50CAC864-978A-44EF-BA23-06705E2FCA28}.Debug|Any CPU.Build.0 = Debug|Any CPU
		{50CAC864-978A-44EF-BA23-06705E2FCA28}.Release|Any CPU.ActiveCfg = Release|Any CPU
		{50CAC864-978A-44EF-BA23-06705E2FCA28}.Release|Any CPU.Build.0 = Release|Any CPU
		{66566C48-8B34-4F83-B571-54A1A9B306C0}.Debug|Any CPU.ActiveCfg = Debug|Any CPU
		{66566C48-8B34-4F83-B571-54A1A9B306C0}.Debug|Any CPU.Build.0 = Debug|Any CPU
		{66566C48-8B34-4F83-B571-54A1A9B306C0}.Release|Any CPU.ActiveCfg = Release|Any CPU
		{66566C48-8B34-4F83-B571-54A1A9B306C0}.Release|Any CPU.Build.0 = Release|Any CPU
	EndGlobalSection
	GlobalSection(SolutionProperties) = preSolution
		HideSolutionNode = FALSE
	EndGlobalSection
	GlobalSection(ExtensibilityGlobals) = postSolution
		SolutionGuid = {E12AE780-19B9-40B0-ACC9-DB21C7BC769A}
	EndGlobalSection
EndGlobal
